
Microsoft Visual Studio Solution File, Format Version 12.00
# Visual Studio 2013
VisualStudioVersion = 12.0.31101.0
MinimumVisualStudioVersion = 10.0.40219.1
Project("{8BC9CEB8-8B4A-11D0-8D11-00A0C91BC942}") = "wc3270", "wc3270\wc3270.vcxproj", "{3F0E2661-72DE-4C76-B013-3FA3ED125DF3}"
	ProjectSection(ProjectDependencies) = postProject
		{B306FA2C-263B-423D-A42D-F1930DA727F3} = {B306FA2C-263B-423D-A42D-F1930DA727F3}
		{7B2EBB95-B987-4FC6-BB3F-B7612B54BD00} = {7B2EBB95-B987-4FC6-BB3F-B7612B54BD00}
		{9403B3C3-2EA9-44F8-99D4-45DE7692BB1A} = {9403B3C3-2EA9-44F8-99D4-45DE7692BB1A}
		{A6D4C4FA-6515-416C-9EB2-244A5C40488E} = {A6D4C4FA-6515-416C-9EB2-244A5C40488E}
	EndProjectSection
EndProject
Project("{8BC9CEB8-8B4A-11D0-8D11-00A0C91BC942}") = "mkkeypad", "mkkeypad\mkkeypad.vcxproj", "{54F94101-1334-443A-B501-5BFBDFEC5323}"
EndProject
Project("{8BC9CEB8-8B4A-11D0-8D11-00A0C91BC942}") = "mkversion", "mkversion\mkversion.vcxproj", "{1A5B909A-4E61-4AB0-BC7A-2BC07F3BE1CE}"
EndProject
Project("{8BC9CEB8-8B4A-11D0-8D11-00A0C91BC942}") = "mkfb", "mkfb\mkfb.vcxproj", "{2A000DFC-320A-4F19-AFB1-42F11775664F}"
EndProject
Project("{8BC9CEB8-8B4A-11D0-8D11-00A0C91BC942}") = "wc3270wiz", "wc3270wiz\wc3270wiz.vcxproj", "{7CC1CB4D-16D7-446A-B132-963F5C1247E9}"
	ProjectSection(ProjectDependencies) = postProject
		{1A5B909A-4E61-4AB0-BC7A-2BC07F3BE1CE} = {1A5B909A-4E61-4AB0-BC7A-2BC07F3BE1CE}
		{9403B3C3-2EA9-44F8-99D4-45DE7692BB1A} = {9403B3C3-2EA9-44F8-99D4-45DE7692BB1A}
	EndProjectSection
EndProject
Project("{8BC9CEB8-8B4A-11D0-8D11-00A0C91BC942}") = "ws3270", "ws3270\ws3270.vcxproj", "{74911F0D-82AF-4FFC-8A43-C411597A64C1}"
	ProjectSection(ProjectDependencies) = postProject
		{7B2EBB95-B987-4FC6-BB3F-B7612B54BD00} = {7B2EBB95-B987-4FC6-BB3F-B7612B54BD00}
		{9403B3C3-2EA9-44F8-99D4-45DE7692BB1A} = {9403B3C3-2EA9-44F8-99D4-45DE7692BB1A}
		{A6D4C4FA-6515-416C-9EB2-244A5C40488E} = {A6D4C4FA-6515-416C-9EB2-244A5C40488E}
		{2A000DFC-320A-4F19-AFB1-42F11775664F} = {2A000DFC-320A-4F19-AFB1-42F11775664F}
	EndProjectSection
EndProject
Project("{8BC9CEB8-8B4A-11D0-8D11-00A0C91BC942}") = "wpr3287", "wpr3287\wpr3287.vcxproj", "{0094B3D7-0924-4296-BED4-300B53F63562}"
	ProjectSection(ProjectDependencies) = postProject
		{1A5B909A-4E61-4AB0-BC7A-2BC07F3BE1CE} = {1A5B909A-4E61-4AB0-BC7A-2BC07F3BE1CE}
		{9403B3C3-2EA9-44F8-99D4-45DE7692BB1A} = {9403B3C3-2EA9-44F8-99D4-45DE7692BB1A}
	EndProjectSection
EndProject
Project("{8BC9CEB8-8B4A-11D0-8D11-00A0C91BC942}") = "x3270if", "x3270if\x3270if.vcxproj", "{25CA97FA-186C-4235-8280-BF1F56FD3CFF}"
	ProjectSection(ProjectDependencies) = postProject
		{9403B3C3-2EA9-44F8-99D4-45DE7692BB1A} = {9403B3C3-2EA9-44F8-99D4-45DE7692BB1A}
	EndProjectSection
EndProject
Project("{8BC9CEB8-8B4A-11D0-8D11-00A0C91BC942}") = "mkshort", "mkshort\mkshort.vcxproj", "{F42388CA-CE98-4F9F-96B7-D0DC1F9DA67E}"
	ProjectSection(ProjectDependencies) = postProject
		{9403B3C3-2EA9-44F8-99D4-45DE7692BB1A} = {9403B3C3-2EA9-44F8-99D4-45DE7692BB1A}
	EndProjectSection
EndProject
Project("{8BC9CEB8-8B4A-11D0-8D11-00A0C91BC942}") = "catf", "catf\catf.vcxproj", "{2BA5D6CF-59E7-4747-A8BF-A5A1DA3C2567}"
EndProject
Project("{8BC9CEB8-8B4A-11D0-8D11-00A0C91BC942}") = "libw3270", "libw3270\libw3270.vcxproj", "{7B2EBB95-B987-4FC6-BB3F-B7612B54BD00}"
	ProjectSection(ProjectDependencies) = postProject
		{07A63EBF-BCDC-40E7-B1EA-6384B461A448} = {07A63EBF-BCDC-40E7-B1EA-6384B461A448}
	EndProjectSection
EndProject
Project("{8BC9CEB8-8B4A-11D0-8D11-00A0C91BC942}") = "libw3270stubs", "libw3270stubs\libw3270stubs.vcxproj", "{A6D4C4FA-6515-416C-9EB2-244A5C40488E}"
EndProject
Project("{8BC9CEB8-8B4A-11D0-8D11-00A0C91BC942}") = "mkicon", "mkicon\mkicon.vcxproj", "{07A63EBF-BCDC-40E7-B1EA-6384B461A448}"
EndProject
Project("{8BC9CEB8-8B4A-11D0-8D11-00A0C91BC942}") = "libw3270i", "libw3270i\libw3270i.vcxproj", "{B306FA2C-263B-423D-A42D-F1930DA727F3}"
EndProject
Project("{8BC9CEB8-8B4A-11D0-8D11-00A0C91BC942}") = "libw32xx", "libw32xx\libw32xx.vcxproj", "{9403B3C3-2EA9-44F8-99D4-45DE7692BB1A}"
EndProject
Global
	GlobalSection(SolutionConfigurationPlatforms) = preSolution
		Debug|Win32 = Debug|Win32
		Debug|x64 = Debug|x64
		Release|Win32 = Release|Win32
		Release|x64 = Release|x64
		SSL-Debug|Win32 = SSL-Debug|Win32
		SSL-Debug|x64 = SSL-Debug|x64
		SSL-Release|Win32 = SSL-Release|Win32
		SSL-Release|x64 = SSL-Release|x64
	EndGlobalSection
	GlobalSection(ProjectConfigurationPlatforms) = postSolution
		{3F0E2661-72DE-4C76-B013-3FA3ED125DF3}.Debug|Win32.ActiveCfg = Debug|Win32
		{3F0E2661-72DE-4C76-B013-3FA3ED125DF3}.Debug|Win32.Build.0 = Debug|Win32
		{3F0E2661-72DE-4C76-B013-3FA3ED125DF3}.Debug|x64.ActiveCfg = Debug|x64
		{3F0E2661-72DE-4C76-B013-3FA3ED125DF3}.Debug|x64.Build.0 = Debug|x64
		{3F0E2661-72DE-4C76-B013-3FA3ED125DF3}.Release|Win32.ActiveCfg = Release|Win32
		{3F0E2661-72DE-4C76-B013-3FA3ED125DF3}.Release|Win32.Build.0 = Release|Win32
		{3F0E2661-72DE-4C76-B013-3FA3ED125DF3}.Release|x64.ActiveCfg = Release|x64
		{3F0E2661-72DE-4C76-B013-3FA3ED125DF3}.Release|x64.Build.0 = Release|x64
		{3F0E2661-72DE-4C76-B013-3FA3ED125DF3}.SSL-Debug|Win32.ActiveCfg = SSL-Debug|Win32
		{3F0E2661-72DE-4C76-B013-3FA3ED125DF3}.SSL-Debug|Win32.Build.0 = SSL-Debug|Win32
		{3F0E2661-72DE-4C76-B013-3FA3ED125DF3}.SSL-Debug|x64.ActiveCfg = SSL-Debug|x64
		{3F0E2661-72DE-4C76-B013-3FA3ED125DF3}.SSL-Debug|x64.Build.0 = SSL-Debug|x64
		{3F0E2661-72DE-4C76-B013-3FA3ED125DF3}.SSL-Release|Win32.ActiveCfg = SSL-Release|Win32
		{3F0E2661-72DE-4C76-B013-3FA3ED125DF3}.SSL-Release|Win32.Build.0 = SSL-Release|Win32
		{3F0E2661-72DE-4C76-B013-3FA3ED125DF3}.SSL-Release|x64.ActiveCfg = SSL-Release|x64
		{3F0E2661-72DE-4C76-B013-3FA3ED125DF3}.SSL-Release|x64.Build.0 = SSL-Release|x64
		{54F94101-1334-443A-B501-5BFBDFEC5323}.Debug|Win32.ActiveCfg = Debug|Win32
		{54F94101-1334-443A-B501-5BFBDFEC5323}.Debug|Win32.Build.0 = Debug|Win32
		{54F94101-1334-443A-B501-5BFBDFEC5323}.Debug|x64.ActiveCfg = Debug|x64
		{54F94101-1334-443A-B501-5BFBDFEC5323}.Debug|x64.Build.0 = Debug|x64
		{54F94101-1334-443A-B501-5BFBDFEC5323}.Release|Win32.ActiveCfg = Release|Win32
		{54F94101-1334-443A-B501-5BFBDFEC5323}.Release|Win32.Build.0 = Release|Win32
		{54F94101-1334-443A-B501-5BFBDFEC5323}.Release|x64.ActiveCfg = Release|x64
		{54F94101-1334-443A-B501-5BFBDFEC5323}.Release|x64.Build.0 = Release|x64
		{54F94101-1334-443A-B501-5BFBDFEC5323}.SSL-Debug|Win32.ActiveCfg = SSL-Debug|Win32
		{54F94101-1334-443A-B501-5BFBDFEC5323}.SSL-Debug|Win32.Build.0 = SSL-Debug|Win32
		{54F94101-1334-443A-B501-5BFBDFEC5323}.SSL-Debug|x64.ActiveCfg = SSL-Debug|x64
		{54F94101-1334-443A-B501-5BFBDFEC5323}.SSL-Debug|x64.Build.0 = SSL-Debug|x64
		{54F94101-1334-443A-B501-5BFBDFEC5323}.SSL-Release|Win32.ActiveCfg = SSL-Release|Win32
		{54F94101-1334-443A-B501-5BFBDFEC5323}.SSL-Release|Win32.Build.0 = SSL-Release|Win32
		{54F94101-1334-443A-B501-5BFBDFEC5323}.SSL-Release|x64.ActiveCfg = SSL-Release|x64
		{54F94101-1334-443A-B501-5BFBDFEC5323}.SSL-Release|x64.Build.0 = SSL-Release|x64
		{1A5B909A-4E61-4AB0-BC7A-2BC07F3BE1CE}.Debug|Win32.ActiveCfg = Debug|Win32
		{1A5B909A-4E61-4AB0-BC7A-2BC07F3BE1CE}.Debug|Win32.Build.0 = Debug|Win32
		{1A5B909A-4E61-4AB0-BC7A-2BC07F3BE1CE}.Debug|x64.ActiveCfg = Debug|x64
		{1A5B909A-4E61-4AB0-BC7A-2BC07F3BE1CE}.Debug|x64.Build.0 = Debug|x64
		{1A5B909A-4E61-4AB0-BC7A-2BC07F3BE1CE}.Release|Win32.ActiveCfg = Release|Win32
		{1A5B909A-4E61-4AB0-BC7A-2BC07F3BE1CE}.Release|Win32.Build.0 = Release|Win32
		{1A5B909A-4E61-4AB0-BC7A-2BC07F3BE1CE}.Release|x64.ActiveCfg = Release|x64
		{1A5B909A-4E61-4AB0-BC7A-2BC07F3BE1CE}.Release|x64.Build.0 = Release|x64
		{1A5B909A-4E61-4AB0-BC7A-2BC07F3BE1CE}.SSL-Debug|Win32.ActiveCfg = SSL-Debug|Win32
		{1A5B909A-4E61-4AB0-BC7A-2BC07F3BE1CE}.SSL-Debug|Win32.Build.0 = SSL-Debug|Win32
		{1A5B909A-4E61-4AB0-BC7A-2BC07F3BE1CE}.SSL-Debug|x64.ActiveCfg = SSL-Debug|x64
		{1A5B909A-4E61-4AB0-BC7A-2BC07F3BE1CE}.SSL-Debug|x64.Build.0 = SSL-Debug|x64
		{1A5B909A-4E61-4AB0-BC7A-2BC07F3BE1CE}.SSL-Release|Win32.ActiveCfg = SSL-Release|Win32
		{1A5B909A-4E61-4AB0-BC7A-2BC07F3BE1CE}.SSL-Release|Win32.Build.0 = SSL-Release|Win32
		{1A5B909A-4E61-4AB0-BC7A-2BC07F3BE1CE}.SSL-Release|x64.ActiveCfg = SSL-Release|x64
		{1A5B909A-4E61-4AB0-BC7A-2BC07F3BE1CE}.SSL-Release|x64.Build.0 = SSL-Release|x64
		{2A000DFC-320A-4F19-AFB1-42F11775664F}.Debug|Win32.ActiveCfg = Debug|Win32
		{2A000DFC-320A-4F19-AFB1-42F11775664F}.Debug|Win32.Build.0 = Debug|Win32
		{2A000DFC-320A-4F19-AFB1-42F11775664F}.Debug|x64.ActiveCfg = Debug|x64
		{2A000DFC-320A-4F19-AFB1-42F11775664F}.Debug|x64.Build.0 = Debug|x64
		{2A000DFC-320A-4F19-AFB1-42F11775664F}.Release|Win32.ActiveCfg = Release|Win32
		{2A000DFC-320A-4F19-AFB1-42F11775664F}.Release|Win32.Build.0 = Release|Win32
		{2A000DFC-320A-4F19-AFB1-42F11775664F}.Release|x64.ActiveCfg = Release|x64
		{2A000DFC-320A-4F19-AFB1-42F11775664F}.Release|x64.Build.0 = Release|x64
		{2A000DFC-320A-4F19-AFB1-42F11775664F}.SSL-Debug|Win32.ActiveCfg = SSL-Debug|Win32
		{2A000DFC-320A-4F19-AFB1-42F11775664F}.SSL-Debug|Win32.Build.0 = SSL-Debug|Win32
		{2A000DFC-320A-4F19-AFB1-42F11775664F}.SSL-Debug|x64.ActiveCfg = SSL-Debug|x64
		{2A000DFC-320A-4F19-AFB1-42F11775664F}.SSL-Debug|x64.Build.0 = SSL-Debug|x64
		{2A000DFC-320A-4F19-AFB1-42F11775664F}.SSL-Release|Win32.ActiveCfg = SSL-Release|Win32
		{2A000DFC-320A-4F19-AFB1-42F11775664F}.SSL-Release|Win32.Build.0 = SSL-Release|Win32
		{2A000DFC-320A-4F19-AFB1-42F11775664F}.SSL-Release|x64.ActiveCfg = SSL-Release|x64
		{2A000DFC-320A-4F19-AFB1-42F11775664F}.SSL-Release|x64.Build.0 = SSL-Release|x64
		{7CC1CB4D-16D7-446A-B132-963F5C1247E9}.Debug|Win32.ActiveCfg = Debug|Win32
		{7CC1CB4D-16D7-446A-B132-963F5C1247E9}.Debug|Win32.Build.0 = Debug|Win32
		{7CC1CB4D-16D7-446A-B132-963F5C1247E9}.Debug|x64.ActiveCfg = Debug|x64
		{7CC1CB4D-16D7-446A-B132-963F5C1247E9}.Debug|x64.Build.0 = Debug|x64
		{7CC1CB4D-16D7-446A-B132-963F5C1247E9}.Release|Win32.ActiveCfg = Release|Win32
		{7CC1CB4D-16D7-446A-B132-963F5C1247E9}.Release|Win32.Build.0 = Release|Win32
		{7CC1CB4D-16D7-446A-B132-963F5C1247E9}.Release|x64.ActiveCfg = Release|x64
		{7CC1CB4D-16D7-446A-B132-963F5C1247E9}.Release|x64.Build.0 = Release|x64
		{7CC1CB4D-16D7-446A-B132-963F5C1247E9}.SSL-Debug|Win32.ActiveCfg = SSL-Debug|Win32
		{7CC1CB4D-16D7-446A-B132-963F5C1247E9}.SSL-Debug|Win32.Build.0 = SSL-Debug|Win32
		{7CC1CB4D-16D7-446A-B132-963F5C1247E9}.SSL-Debug|x64.ActiveCfg = SSL-Debug|x64
		{7CC1CB4D-16D7-446A-B132-963F5C1247E9}.SSL-Debug|x64.Build.0 = SSL-Debug|x64
		{7CC1CB4D-16D7-446A-B132-963F5C1247E9}.SSL-Release|Win32.ActiveCfg = SSL-Release|Win32
		{7CC1CB4D-16D7-446A-B132-963F5C1247E9}.SSL-Release|Win32.Build.0 = SSL-Release|Win32
		{7CC1CB4D-16D7-446A-B132-963F5C1247E9}.SSL-Release|x64.ActiveCfg = SSL-Release|x64
		{7CC1CB4D-16D7-446A-B132-963F5C1247E9}.SSL-Release|x64.Build.0 = SSL-Release|x64
		{74911F0D-82AF-4FFC-8A43-C411597A64C1}.Debug|Win32.ActiveCfg = Debug|Win32
		{74911F0D-82AF-4FFC-8A43-C411597A64C1}.Debug|Win32.Build.0 = Debug|Win32
		{74911F0D-82AF-4FFC-8A43-C411597A64C1}.Debug|x64.ActiveCfg = Debug|x64
		{74911F0D-82AF-4FFC-8A43-C411597A64C1}.Debug|x64.Build.0 = Debug|x64
		{74911F0D-82AF-4FFC-8A43-C411597A64C1}.Release|Win32.ActiveCfg = Release|Win32
		{74911F0D-82AF-4FFC-8A43-C411597A64C1}.Release|Win32.Build.0 = Release|Win32
		{74911F0D-82AF-4FFC-8A43-C411597A64C1}.Release|x64.ActiveCfg = Release|x64
		{74911F0D-82AF-4FFC-8A43-C411597A64C1}.Release|x64.Build.0 = Release|x64
		{74911F0D-82AF-4FFC-8A43-C411597A64C1}.SSL-Debug|Win32.ActiveCfg = SSL-Debug|Win32
		{74911F0D-82AF-4FFC-8A43-C411597A64C1}.SSL-Debug|Win32.Build.0 = SSL-Debug|Win32
		{74911F0D-82AF-4FFC-8A43-C411597A64C1}.SSL-Debug|x64.ActiveCfg = SSL-Debug|x64
		{74911F0D-82AF-4FFC-8A43-C411597A64C1}.SSL-Debug|x64.Build.0 = SSL-Debug|x64
		{74911F0D-82AF-4FFC-8A43-C411597A64C1}.SSL-Release|Win32.ActiveCfg = SSL-Release|Win32
		{74911F0D-82AF-4FFC-8A43-C411597A64C1}.SSL-Release|Win32.Build.0 = SSL-Release|Win32
		{74911F0D-82AF-4FFC-8A43-C411597A64C1}.SSL-Release|x64.ActiveCfg = SSL-Release|x64
		{74911F0D-82AF-4FFC-8A43-C411597A64C1}.SSL-Release|x64.Build.0 = SSL-Release|x64
		{0094B3D7-0924-4296-BED4-300B53F63562}.Debug|Win32.ActiveCfg = Debug|Win32
		{0094B3D7-0924-4296-BED4-300B53F63562}.Debug|Win32.Build.0 = Debug|Win32
		{0094B3D7-0924-4296-BED4-300B53F63562}.Debug|x64.ActiveCfg = Debug|x64
		{0094B3D7-0924-4296-BED4-300B53F63562}.Debug|x64.Build.0 = Debug|x64
		{0094B3D7-0924-4296-BED4-300B53F63562}.Release|Win32.ActiveCfg = Release|Win32
		{0094B3D7-0924-4296-BED4-300B53F63562}.Release|Win32.Build.0 = Release|Win32
		{0094B3D7-0924-4296-BED4-300B53F63562}.Release|x64.ActiveCfg = Release|x64
		{0094B3D7-0924-4296-BED4-300B53F63562}.Release|x64.Build.0 = Release|x64
		{0094B3D7-0924-4296-BED4-300B53F63562}.SSL-Debug|Win32.ActiveCfg = SSL-Debug|Win32
		{0094B3D7-0924-4296-BED4-300B53F63562}.SSL-Debug|Win32.Build.0 = SSL-Debug|Win32
		{0094B3D7-0924-4296-BED4-300B53F63562}.SSL-Debug|x64.ActiveCfg = SSL-Debug|x64
		{0094B3D7-0924-4296-BED4-300B53F63562}.SSL-Debug|x64.Build.0 = SSL-Debug|x64
		{0094B3D7-0924-4296-BED4-300B53F63562}.SSL-Release|Win32.ActiveCfg = SSL-Release|Win32
		{0094B3D7-0924-4296-BED4-300B53F63562}.SSL-Release|Win32.Build.0 = SSL-Release|Win32
		{0094B3D7-0924-4296-BED4-300B53F63562}.SSL-Release|x64.ActiveCfg = SSL-Release|x64
		{0094B3D7-0924-4296-BED4-300B53F63562}.SSL-Release|x64.Build.0 = SSL-Release|x64
		{25CA97FA-186C-4235-8280-BF1F56FD3CFF}.Debug|Win32.ActiveCfg = Debug|Win32
		{25CA97FA-186C-4235-8280-BF1F56FD3CFF}.Debug|Win32.Build.0 = Debug|Win32
		{25CA97FA-186C-4235-8280-BF1F56FD3CFF}.Debug|x64.ActiveCfg = Debug|x64
		{25CA97FA-186C-4235-8280-BF1F56FD3CFF}.Debug|x64.Build.0 = Debug|x64
		{25CA97FA-186C-4235-8280-BF1F56FD3CFF}.Release|Win32.ActiveCfg = Release|Win32
		{25CA97FA-186C-4235-8280-BF1F56FD3CFF}.Release|Win32.Build.0 = Release|Win32
		{25CA97FA-186C-4235-8280-BF1F56FD3CFF}.Release|x64.ActiveCfg = Release|x64
		{25CA97FA-186C-4235-8280-BF1F56FD3CFF}.Release|x64.Build.0 = Release|x64
		{25CA97FA-186C-4235-8280-BF1F56FD3CFF}.SSL-Debug|Win32.ActiveCfg = SSL-Debug|Win32
		{25CA97FA-186C-4235-8280-BF1F56FD3CFF}.SSL-Debug|Win32.Build.0 = SSL-Debug|Win32
		{25CA97FA-186C-4235-8280-BF1F56FD3CFF}.SSL-Debug|x64.ActiveCfg = SSL-Debug|x64
		{25CA97FA-186C-4235-8280-BF1F56FD3CFF}.SSL-Debug|x64.Build.0 = SSL-Debug|x64
		{25CA97FA-186C-4235-8280-BF1F56FD3CFF}.SSL-Release|Win32.ActiveCfg = SSL-Release|Win32
		{25CA97FA-186C-4235-8280-BF1F56FD3CFF}.SSL-Release|Win32.Build.0 = SSL-Release|Win32
		{25CA97FA-186C-4235-8280-BF1F56FD3CFF}.SSL-Release|x64.ActiveCfg = SSL-Release|x64
		{25CA97FA-186C-4235-8280-BF1F56FD3CFF}.SSL-Release|x64.Build.0 = SSL-Release|x64
		{F42388CA-CE98-4F9F-96B7-D0DC1F9DA67E}.Debug|Win32.ActiveCfg = Debug|Win32
		{F42388CA-CE98-4F9F-96B7-D0DC1F9DA67E}.Debug|Win32.Build.0 = Debug|Win32
		{F42388CA-CE98-4F9F-96B7-D0DC1F9DA67E}.Debug|x64.ActiveCfg = Debug|x64
		{F42388CA-CE98-4F9F-96B7-D0DC1F9DA67E}.Debug|x64.Build.0 = Debug|x64
		{F42388CA-CE98-4F9F-96B7-D0DC1F9DA67E}.Release|Win32.ActiveCfg = Release|Win32
		{F42388CA-CE98-4F9F-96B7-D0DC1F9DA67E}.Release|Win32.Build.0 = Release|Win32
		{F42388CA-CE98-4F9F-96B7-D0DC1F9DA67E}.Release|x64.ActiveCfg = Release|x64
		{F42388CA-CE98-4F9F-96B7-D0DC1F9DA67E}.Release|x64.Build.0 = Release|x64
		{F42388CA-CE98-4F9F-96B7-D0DC1F9DA67E}.SSL-Debug|Win32.ActiveCfg = SSL-Debug|Win32
		{F42388CA-CE98-4F9F-96B7-D0DC1F9DA67E}.SSL-Debug|Win32.Build.0 = SSL-Debug|Win32
		{F42388CA-CE98-4F9F-96B7-D0DC1F9DA67E}.SSL-Debug|x64.ActiveCfg = SSL-Debug|x64
		{F42388CA-CE98-4F9F-96B7-D0DC1F9DA67E}.SSL-Debug|x64.Build.0 = SSL-Debug|x64
		{F42388CA-CE98-4F9F-96B7-D0DC1F9DA67E}.SSL-Release|Win32.ActiveCfg = SSL-Release|Win32
		{F42388CA-CE98-4F9F-96B7-D0DC1F9DA67E}.SSL-Release|Win32.Build.0 = SSL-Release|Win32
		{F42388CA-CE98-4F9F-96B7-D0DC1F9DA67E}.SSL-Release|x64.ActiveCfg = SSL-Release|x64
		{F42388CA-CE98-4F9F-96B7-D0DC1F9DA67E}.SSL-Release|x64.Build.0 = SSL-Release|x64
		{2BA5D6CF-59E7-4747-A8BF-A5A1DA3C2567}.Debug|Win32.ActiveCfg = Debug|Win32
		{2BA5D6CF-59E7-4747-A8BF-A5A1DA3C2567}.Debug|Win32.Build.0 = Debug|Win32
		{2BA5D6CF-59E7-4747-A8BF-A5A1DA3C2567}.Debug|x64.ActiveCfg = Debug|x64
		{2BA5D6CF-59E7-4747-A8BF-A5A1DA3C2567}.Debug|x64.Build.0 = Debug|x64
		{2BA5D6CF-59E7-4747-A8BF-A5A1DA3C2567}.Release|Win32.ActiveCfg = Release|Win32
		{2BA5D6CF-59E7-4747-A8BF-A5A1DA3C2567}.Release|Win32.Build.0 = Release|Win32
		{2BA5D6CF-59E7-4747-A8BF-A5A1DA3C2567}.Release|x64.ActiveCfg = Release|x64
		{2BA5D6CF-59E7-4747-A8BF-A5A1DA3C2567}.Release|x64.Build.0 = Release|x64
		{2BA5D6CF-59E7-4747-A8BF-A5A1DA3C2567}.SSL-Debug|Win32.ActiveCfg = SSL-Debug|Win32
		{2BA5D6CF-59E7-4747-A8BF-A5A1DA3C2567}.SSL-Debug|Win32.Build.0 = SSL-Debug|Win32
		{2BA5D6CF-59E7-4747-A8BF-A5A1DA3C2567}.SSL-Debug|x64.ActiveCfg = SSL-Debug|x64
		{2BA5D6CF-59E7-4747-A8BF-A5A1DA3C2567}.SSL-Debug|x64.Build.0 = SSL-Debug|x64
		{2BA5D6CF-59E7-4747-A8BF-A5A1DA3C2567}.SSL-Release|Win32.ActiveCfg = SSL-Release|Win32
		{2BA5D6CF-59E7-4747-A8BF-A5A1DA3C2567}.SSL-Release|Win32.Build.0 = SSL-Release|Win32
		{2BA5D6CF-59E7-4747-A8BF-A5A1DA3C2567}.SSL-Release|x64.ActiveCfg = SSL-Release|x64
		{2BA5D6CF-59E7-4747-A8BF-A5A1DA3C2567}.SSL-Release|x64.Build.0 = SSL-Release|x64
		{D44F6B8C-03C0-41A4-946F-63D1A7C7AC6B}.Debug|Win32.ActiveCfg = Debug|Win32
		{D44F6B8C-03C0-41A4-946F-63D1A7C7AC6B}.Debug|Win32.Build.0 = Debug|Win32
		{D44F6B8C-03C0-41A4-946F-63D1A7C7AC6B}.Debug|x64.ActiveCfg = Debug|x64
		{D44F6B8C-03C0-41A4-946F-63D1A7C7AC6B}.Debug|x64.Build.0 = Debug|x64
		{D44F6B8C-03C0-41A4-946F-63D1A7C7AC6B}.Release|Win32.ActiveCfg = Release|Win32
		{D44F6B8C-03C0-41A4-946F-63D1A7C7AC6B}.Release|Win32.Build.0 = Release|Win32
		{D44F6B8C-03C0-41A4-946F-63D1A7C7AC6B}.Release|x64.ActiveCfg = Release|x64
		{D44F6B8C-03C0-41A4-946F-63D1A7C7AC6B}.Release|x64.Build.0 = Release|x64
		{D44F6B8C-03C0-41A4-946F-63D1A7C7AC6B}.SSL-Debug|Win32.ActiveCfg = SSL-Debug|Win32
		{D44F6B8C-03C0-41A4-946F-63D1A7C7AC6B}.SSL-Debug|Win32.Build.0 = SSL-Debug|Win32
		{D44F6B8C-03C0-41A4-946F-63D1A7C7AC6B}.SSL-Debug|x64.ActiveCfg = SSL-Debug|x64
		{D44F6B8C-03C0-41A4-946F-63D1A7C7AC6B}.SSL-Debug|x64.Build.0 = SSL-Debug|x64
		{D44F6B8C-03C0-41A4-946F-63D1A7C7AC6B}.SSL-Release|Win32.ActiveCfg = SSL-Release|Win32
		{D44F6B8C-03C0-41A4-946F-63D1A7C7AC6B}.SSL-Release|Win32.Build.0 = SSL-Release|Win32
		{D44F6B8C-03C0-41A4-946F-63D1A7C7AC6B}.SSL-Release|x64.ActiveCfg = SSL-Release|x64
		{D44F6B8C-03C0-41A4-946F-63D1A7C7AC6B}.SSL-Release|x64.Build.0 = SSL-Release|x64
		{7B2EBB95-B987-4FC6-BB3F-B7612B54BD00}.Debug|Win32.ActiveCfg = Debug|Win32
		{7B2EBB95-B987-4FC6-BB3F-B7612B54BD00}.Debug|Win32.Build.0 = Debug|Win32
		{7B2EBB95-B987-4FC6-BB3F-B7612B54BD00}.Debug|x64.ActiveCfg = Debug|x64
		{7B2EBB95-B987-4FC6-BB3F-B7612B54BD00}.Debug|x64.Build.0 = Debug|x64
		{7B2EBB95-B987-4FC6-BB3F-B7612B54BD00}.Release|Win32.ActiveCfg = Release|Win32
		{7B2EBB95-B987-4FC6-BB3F-B7612B54BD00}.Release|Win32.Build.0 = Release|Win32
		{7B2EBB95-B987-4FC6-BB3F-B7612B54BD00}.Release|x64.ActiveCfg = Release|x64
		{7B2EBB95-B987-4FC6-BB3F-B7612B54BD00}.Release|x64.Build.0 = Release|x64
		{7B2EBB95-B987-4FC6-BB3F-B7612B54BD00}.SSL-Debug|Win32.ActiveCfg = SSL-Debug|Win32
		{7B2EBB95-B987-4FC6-BB3F-B7612B54BD00}.SSL-Debug|Win32.Build.0 = SSL-Debug|Win32
		{7B2EBB95-B987-4FC6-BB3F-B7612B54BD00}.SSL-Debug|x64.ActiveCfg = SSL-Debug|x64
		{7B2EBB95-B987-4FC6-BB3F-B7612B54BD00}.SSL-Debug|x64.Build.0 = SSL-Debug|x64
		{7B2EBB95-B987-4FC6-BB3F-B7612B54BD00}.SSL-Release|Win32.ActiveCfg = SSL-Release|Win32
		{7B2EBB95-B987-4FC6-BB3F-B7612B54BD00}.SSL-Release|Win32.Build.0 = SSL-Release|Win32
		{7B2EBB95-B987-4FC6-BB3F-B7612B54BD00}.SSL-Release|x64.ActiveCfg = SSL-Release|x64
		{7B2EBB95-B987-4FC6-BB3F-B7612B54BD00}.SSL-Release|x64.Build.0 = SSL-Release|x64
		{A6D4C4FA-6515-416C-9EB2-244A5C40488E}.Debug|Win32.ActiveCfg = Debug|Win32
		{A6D4C4FA-6515-416C-9EB2-244A5C40488E}.Debug|Win32.Build.0 = Debug|Win32
		{A6D4C4FA-6515-416C-9EB2-244A5C40488E}.Debug|x64.ActiveCfg = Debug|x64
		{A6D4C4FA-6515-416C-9EB2-244A5C40488E}.Debug|x64.Build.0 = Debug|x64
		{A6D4C4FA-6515-416C-9EB2-244A5C40488E}.Release|Win32.ActiveCfg = Release|Win32
		{A6D4C4FA-6515-416C-9EB2-244A5C40488E}.Release|Win32.Build.0 = Release|Win32
		{A6D4C4FA-6515-416C-9EB2-244A5C40488E}.Release|x64.ActiveCfg = Release|x64
		{A6D4C4FA-6515-416C-9EB2-244A5C40488E}.Release|x64.Build.0 = Release|x64
		{A6D4C4FA-6515-416C-9EB2-244A5C40488E}.SSL-Debug|Win32.ActiveCfg = SSL-Debug|Win32
		{A6D4C4FA-6515-416C-9EB2-244A5C40488E}.SSL-Debug|Win32.Build.0 = SSL-Debug|Win32
		{A6D4C4FA-6515-416C-9EB2-244A5C40488E}.SSL-Debug|x64.ActiveCfg = SSL-Debug|x64
		{A6D4C4FA-6515-416C-9EB2-244A5C40488E}.SSL-Debug|x64.Build.0 = SSL-Debug|x64
		{A6D4C4FA-6515-416C-9EB2-244A5C40488E}.SSL-Release|Win32.ActiveCfg = SSL-Release|Win32
		{A6D4C4FA-6515-416C-9EB2-244A5C40488E}.SSL-Release|Win32.Build.0 = SSL-Release|Win32
		{A6D4C4FA-6515-416C-9EB2-244A5C40488E}.SSL-Release|x64.ActiveCfg = SSL-Release|x64
		{A6D4C4FA-6515-416C-9EB2-244A5C40488E}.SSL-Release|x64.Build.0 = SSL-Release|x64
		{07A63EBF-BCDC-40E7-B1EA-6384B461A448}.Debug|Win32.ActiveCfg = Debug|Win32
		{07A63EBF-BCDC-40E7-B1EA-6384B461A448}.Debug|Win32.Build.0 = Debug|Win32
		{07A63EBF-BCDC-40E7-B1EA-6384B461A448}.Debug|x64.ActiveCfg = Debug|x64
		{07A63EBF-BCDC-40E7-B1EA-6384B461A448}.Debug|x64.Build.0 = Debug|x64
		{07A63EBF-BCDC-40E7-B1EA-6384B461A448}.Release|Win32.ActiveCfg = Release|Win32
		{07A63EBF-BCDC-40E7-B1EA-6384B461A448}.Release|Win32.Build.0 = Release|Win32
		{07A63EBF-BCDC-40E7-B1EA-6384B461A448}.Release|x64.ActiveCfg = Release|x64
		{07A63EBF-BCDC-40E7-B1EA-6384B461A448}.Release|x64.Build.0 = Release|x64
		{07A63EBF-BCDC-40E7-B1EA-6384B461A448}.SSL-Debug|Win32.ActiveCfg = SSL-Debug|Win32
		{07A63EBF-BCDC-40E7-B1EA-6384B461A448}.SSL-Debug|Win32.Build.0 = SSL-Debug|Win32
		{07A63EBF-BCDC-40E7-B1EA-6384B461A448}.SSL-Debug|x64.ActiveCfg = SSL-Debug|x64
		{07A63EBF-BCDC-40E7-B1EA-6384B461A448}.SSL-Debug|x64.Build.0 = SSL-Debug|x64
		{07A63EBF-BCDC-40E7-B1EA-6384B461A448}.SSL-Release|Win32.ActiveCfg = SSL-Release|Win32
		{07A63EBF-BCDC-40E7-B1EA-6384B461A448}.SSL-Release|Win32.Build.0 = SSL-Release|Win32
		{07A63EBF-BCDC-40E7-B1EA-6384B461A448}.SSL-Release|x64.ActiveCfg = SSL-Release|x64
		{07A63EBF-BCDC-40E7-B1EA-6384B461A448}.SSL-Release|x64.Build.0 = SSL-Release|x64
		{B306FA2C-263B-423D-A42D-F1930DA727F3}.Debug|Win32.ActiveCfg = Debug|Win32
		{B306FA2C-263B-423D-A42D-F1930DA727F3}.Debug|Win32.Build.0 = Debug|Win32
		{B306FA2C-263B-423D-A42D-F1930DA727F3}.Debug|x64.ActiveCfg = Debug|x64
		{B306FA2C-263B-423D-A42D-F1930DA727F3}.Debug|x64.Build.0 = Debug|x64
		{B306FA2C-263B-423D-A42D-F1930DA727F3}.Release|Win32.ActiveCfg = Release|Win32
		{B306FA2C-263B-423D-A42D-F1930DA727F3}.Release|Win32.Build.0 = Release|Win32
		{B306FA2C-263B-423D-A42D-F1930DA727F3}.Release|x64.ActiveCfg = Release|x64
		{B306FA2C-263B-423D-A42D-F1930DA727F3}.Release|x64.Build.0 = Release|x64
		{B306FA2C-263B-423D-A42D-F1930DA727F3}.SSL-Debug|Win32.ActiveCfg = SSL-Debug|Win32
		{B306FA2C-263B-423D-A42D-F1930DA727F3}.SSL-Debug|Win32.Build.0 = SSL-Debug|Win32
		{B306FA2C-263B-423D-A42D-F1930DA727F3}.SSL-Debug|x64.ActiveCfg = SSL-Debug|x64
		{B306FA2C-263B-423D-A42D-F1930DA727F3}.SSL-Debug|x64.Build.0 = SSL-Debug|x64
		{B306FA2C-263B-423D-A42D-F1930DA727F3}.SSL-Release|Win32.ActiveCfg = SSL-Release|Win32
		{B306FA2C-263B-423D-A42D-F1930DA727F3}.SSL-Release|Win32.Build.0 = SSL-Release|Win32
		{B306FA2C-263B-423D-A42D-F1930DA727F3}.SSL-Release|x64.ActiveCfg = SSL-Release|x64
		{B306FA2C-263B-423D-A42D-F1930DA727F3}.SSL-Release|x64.Build.0 = SSL-Release|x64
		{9403B3C3-2EA9-44F8-99D4-45DE7692BB1A}.Debug|Win32.ActiveCfg = Debug|Win32
		{9403B3C3-2EA9-44F8-99D4-45DE7692BB1A}.Debug|Win32.Build.0 = Debug|Win32
		{9403B3C3-2EA9-44F8-99D4-45DE7692BB1A}.Debug|x64.ActiveCfg = Debug|x64
		{9403B3C3-2EA9-44F8-99D4-45DE7692BB1A}.Debug|x64.Build.0 = Debug|x64
		{9403B3C3-2EA9-44F8-99D4-45DE7692BB1A}.Release|Win32.ActiveCfg = Release|Win32
		{9403B3C3-2EA9-44F8-99D4-45DE7692BB1A}.Release|Win32.Build.0 = Release|Win32
		{9403B3C3-2EA9-44F8-99D4-45DE7692BB1A}.Release|x64.ActiveCfg = Release|x64
		{9403B3C3-2EA9-44F8-99D4-45DE7692BB1A}.Release|x64.Build.0 = Release|x64
		{9403B3C3-2EA9-44F8-99D4-45DE7692BB1A}.SSL-Debug|Win32.ActiveCfg = SSL-Debug|Win32
		{9403B3C3-2EA9-44F8-99D4-45DE7692BB1A}.SSL-Debug|Win32.Build.0 = SSL-Debug|Win32
		{9403B3C3-2EA9-44F8-99D4-45DE7692BB1A}.SSL-Debug|x64.ActiveCfg = SSL-Debug|x64
		{9403B3C3-2EA9-44F8-99D4-45DE7692BB1A}.SSL-Debug|x64.Build.0 = SSL-Debug|x64
		{9403B3C3-2EA9-44F8-99D4-45DE7692BB1A}.SSL-Release|Win32.ActiveCfg = SSL-Release|Win32
		{9403B3C3-2EA9-44F8-99D4-45DE7692BB1A}.SSL-Release|Win32.Build.0 = SSL-Release|Win32
		{9403B3C3-2EA9-44F8-99D4-45DE7692BB1A}.SSL-Release|x64.ActiveCfg = SSL-Release|x64
		{9403B3C3-2EA9-44F8-99D4-45DE7692BB1A}.SSL-Release|x64.Build.0 = SSL-Release|x64
	EndGlobalSection
	GlobalSection(SolutionProperties) = preSolution
		HideSolutionNode = FALSE
	EndGlobalSection
EndGlobal
