<?xml version="1.0" encoding="utf-8"?>
<Project ToolsVersion="4.0" xmlns="http://schemas.microsoft.com/developer/msbuild/2003">
  <ItemGroup>
    <Filter Include="Source Files">
      <UniqueIdentifier>{4FC737F1-C7A5-4376-A066-2A32D752A2FF}</UniqueIdentifier>
      <Extensions>cpp;c;cc;cxx;def;odl;idl;hpj;bat;asm;asmx</Extensions>
    </Filter>
    <Filter Include="Header Files">
      <UniqueIdentifier>{93995380-89BD-4b04-88EB-625FBE52EBFB}</UniqueIdentifier>
      <Extensions>h;hpp;hxx;hm;inl;inc;xsd</Extensions>
    </Filter>
    <Filter Include="Resource Files">
      <UniqueIdentifier>{67DA6AB6-F800-4c08-8B7A-83BB121AAD01}</UniqueIdentifier>
      <Extensions>rc;ico;cur;bmp;dlg;rc2;rct;bin;rgs;gif;jpg;jpeg;jpe;resx;tiff;tif;png;wav;mfcribbon-ms</Extensions>
    </Filter>
  </ItemGroup>
  <ItemGroup>
    <ClCompile Include="..\..\lib\w3270\favicon.c">
      <Filter>Source Files</Filter>
    </ClCompile>
    <ClCompile Include="..\..\Common\actions.c">
      <Filter>Source Files</Filter>
    </ClCompile>
    <ClCompile Include="..\..\Common\apl.c">
      <Filter>Source Files</Filter>
    </ClCompile>
    <ClCompile Include="..\..\Common\b8.c">
      <Filter>Source Files</Filter>
    </ClCompile>
    <ClCompile Include="..\..\Common\bind-opt.c">
      <Filter>Source Files</Filter>
    </ClCompile>
    <ClCompile Include="..\..\Common\charset.c">
      <Filter>Source Files</Filter>
    </ClCompile>
    <ClCompile Include="..\..\Common\ctlr.c">
      <Filter>Source Files</Filter>
    </ClCompile>
    <ClCompile Include="..\..\Common\event.c">
      <Filter>Source Files</Filter>
    </ClCompile>
    <ClCompile Include="..\..\Common\fprint_screen.c">
      <Filter>Source Files</Filter>
    </ClCompile>
    <ClCompile Include="..\..\Common\ft.c">
      <Filter>Source Files</Filter>
    </ClCompile>
    <ClCompile Include="..\..\Common\ft_cut.c">
      <Filter>Source Files</Filter>
    </ClCompile>
    <ClCompile Include="..\..\Common\ft_dft.c">
      <Filter>Source Files</Filter>
    </ClCompile>
    <ClCompile Include="..\..\Common\Win32\gdi_print.c">
      <Filter>Source Files</Filter>
    </ClCompile>
    <ClCompile Include="..\..\Common\glue.c">
      <Filter>Source Files</Filter>
    </ClCompile>
    <ClCompile Include="..\..\Common\host.c">
      <Filter>Source Files</Filter>
    </ClCompile>
    <ClCompile Include="..\..\Common\httpd-core.c">
      <Filter>Source Files</Filter>
    </ClCompile>
    <ClCompile Include="..\..\Common\httpd-io.c">
      <Filter>Source Files</Filter>
    </ClCompile>
    <ClCompile Include="..\..\Common\httpd-nodes.c">
      <Filter>Source Files</Filter>
    </ClCompile>
    <ClCompile Include="..\..\Common\idle.c">
      <Filter>Source Files</Filter>
    </ClCompile>
    <ClCompile Include="..\..\Common\kybd.c">
      <Filter>Source Files</Filter>
    </ClCompile>
    <ClCompile Include="..\..\Common\linemode.c">
      <Filter>Source Files</Filter>
    </ClCompile>
    <ClCompile Include="..\..\Common\llist.c">
      <Filter>Source Files</Filter>
    </ClCompile>
    <ClCompile Include="..\..\Common\macros.c">
      <Filter>Source Files</Filter>
    </ClCompile>
    <ClCompile Include="..\..\Common\Malloc.c">
      <Filter>Source Files</Filter>
    </ClCompile>
    <ClCompile Include="..\..\Common\nvt.c">
      <Filter>Source Files</Filter>
    </ClCompile>
    <ClCompile Include="..\..\Common\print_screen.c">
      <Filter>Source Files</Filter>
    </ClCompile>
    <ClCompile Include="..\..\Common\readres.c">
      <Filter>Source Files</Filter>
    </ClCompile>
    <ClCompile Include="..\..\Common\Nodisplay/resources.c">
      <Filter>Source Files</Filter>
    </ClCompile>
    <ClCompile Include="..\..\Common\rpq.c">
      <Filter>Source Files</Filter>
    </ClCompile>
    <ClCompile Include="..\..\Common\sf.c">
      <Filter>Source Files</Filter>
    </ClCompile>
    <ClCompile Include="..\..\Common\telnet.c">
      <Filter>Source Files</Filter>
    </ClCompile>
    <ClCompile Include="..\..\Common\toggles.c">
      <Filter>Source Files</Filter>
    </ClCompile>
    <ClCompile Include="..\..\Common\trace.c">
      <Filter>Source Files</Filter>
    </ClCompile>
    <ClCompile Include="..\..\Common\util.c">
      <Filter>Source Files</Filter>
    </ClCompile>
    <ClCompile Include="..\..\Common\winprint.c">
      <Filter>Source Files</Filter>
    </ClCompile>
    <ClCompile Include="..\..\Common\xio.c">
      <Filter>Source Files</Filter>
    </ClCompile>
    <ClCompile Include="..\..\Common\XtGlue.c">
      <Filter>Source Files</Filter>
    </ClCompile>
  </ItemGroup>
</Project>