<?xml version="1.0" encoding="utf-8"?>
<Project ToolsVersion="4.0" xmlns="http://schemas.microsoft.com/developer/msbuild/2003">
  <ItemGroup>
    <Filter Include="Source Files">
      <UniqueIdentifier>{4FC737F1-C7A5-4376-A066-2A32D752A2FF}</UniqueIdentifier>
      <Extensions>cpp;c;cc;cxx;def;odl;idl;hpj;bat;asm;asmx</Extensions>
    </Filter>
    <Filter Include="Header Files">
      <UniqueIdentifier>{93995380-89BD-4b04-88EB-625FBE52EBFB}</UniqueIdentifier>
      <Extensions>h;hpp;hxx;hm;inl;inc;xsd</Extensions>
    </Filter>
    <Filter Include="Resource Files">
      <UniqueIdentifier>{67DA6AB6-F800-4c08-8B7A-83BB121AAD01}</UniqueIdentifier>
      <Extensions>rc;ico;cur;bmp;dlg;rc2;rct;bin;rgs;gif;jpg;jpeg;jpe;resx;tiff;tif;png;wav;mfcribbon-ms</Extensions>
    </Filter>
  </ItemGroup>
  <ItemGroup>
    <ClCompile Include="..\..\wpr3287-3.3\asprintf.c">
      <Filter>Source Files</Filter>
    </ClCompile>
    <ClCompile Include="..\..\wpr3287-3.3\charset.c">
      <Filter>Source Files</Filter>
    </ClCompile>
    <ClCompile Include="..\..\wpr3287-3.3\ctlr.c">
      <Filter>Source Files</Filter>
    </ClCompile>
    <ClCompile Include="..\..\wpr3287-3.3\pr3287.c">
      <Filter>Source Files</Filter>
    </ClCompile>
    <ClCompile Include="..\..\wpr3287-3.3\proxy.c">
      <Filter>Source Files</Filter>
    </ClCompile>
    <ClCompile Include="..\..\wpr3287-3.3\resolver.c">
      <Filter>Source Files</Filter>
    </ClCompile>
    <ClCompile Include="..\..\wpr3287-3.3\see.c">
      <Filter>Source Files</Filter>
    </ClCompile>
    <ClCompile Include="..\..\wpr3287-3.3\sf.c">
      <Filter>Source Files</Filter>
    </ClCompile>
    <ClCompile Include="..\..\wpr3287-3.3\snprintf.c">
      <Filter>Source Files</Filter>
    </ClCompile>
    <ClCompile Include="..\..\wpr3287-3.3\ssl_dll.c">
      <Filter>Source Files</Filter>
    </ClCompile>
    <ClCompile Include="..\..\wpr3287-3.3\tables.c">
      <Filter>Source Files</Filter>
    </ClCompile>
    <ClCompile Include="..\..\wpr3287-3.3\telnet.c">
      <Filter>Source Files</Filter>
    </ClCompile>
    <ClCompile Include="..\..\wpr3287-3.3\trace.c">
      <Filter>Source Files</Filter>
    </ClCompile>
    <ClCompile Include="..\..\wpr3287-3.3\unicode.c">
      <Filter>Source Files</Filter>
    </ClCompile>
    <ClCompile Include="..\..\wpr3287-3.3\unicode_dbcs.c">
      <Filter>Source Files</Filter>
    </ClCompile>
    <ClCompile Include="..\..\wpr3287-3.3\utf8.c">
      <Filter>Source Files</Filter>
    </ClCompile>
    <ClCompile Include="..\..\wpr3287-3.3\util.c">
      <Filter>Source Files</Filter>
    </ClCompile>
    <ClCompile Include="..\..\wpr3287-3.3\varbuf.c">
      <Filter>Source Files</Filter>
    </ClCompile>
    <ClCompile Include="..\..\wpr3287-3.3\w3misc.c">
      <Filter>Source Files</Filter>
    </ClCompile>
    <ClCompile Include="..\..\wpr3287-3.3\windirs.c">
      <Filter>Source Files</Filter>
    </ClCompile>
    <ClCompile Include="..\..\wpr3287-3.3\winvers.c">
      <Filter>Source Files</Filter>
    </ClCompile>
    <ClCompile Include="..\..\wpr3287-3.3\ws.c">
      <Filter>Source Files</Filter>
    </ClCompile>
    <ClCompile Include="..\..\wpr3287-3.3\xtable.c">
      <Filter>Source Files</Filter>
    </ClCompile>
    <ClCompile Include="..\..\wpr3287-3.3\version.c">
      <Filter>Source Files</Filter>
    </ClCompile>
  </ItemGroup>
</Project>
