<?xml version="1.0" encoding="utf-8"?>
<Project ToolsVersion="4.0" xmlns="http://schemas.microsoft.com/developer/msbuild/2003">
  <ItemGroup>
    <ClCompile Include="..\..\Common\actions.c" />
    <ClCompile Include="..\..\Common\b8.c" />
    <ClCompile Include="..\..\Common\bind-opt.c" />
    <ClCompile Include="..\..\Common\codepage.c" />
    <ClCompile Include="..\..\Common\ctlr.c" />
    <ClCompile Include="..\..\Common\devname.c" />
    <ClCompile Include="..\..\Common\event.c" />
    <ClCompile Include="..\..\Common\telnet_sio.c" />
    <ClCompile Include="..\..\Common\fprint_screen.c" />
    <ClCompile Include="..\..\Common\ft.c" />
    <ClCompile Include="..\..\Common\ft_cut.c" />
    <ClCompile Include="..\..\Common\ft_dft.c" />
    <ClCompile Include="..\..\Common\Win32\gdi_print.c" />
    <ClCompile Include="..\..\Common\glue.c" />
    <ClCompile Include="..\..\Common\host.c" />
    <ClCompile Include="..\..\Common\httpd-core.c" />
    <ClCompile Include="..\..\Common\httpd-io.c" />
    <ClCompile Include="..\..\Common\httpd-nodes.c" />
    <ClCompile Include="..\..\Common\icmd.c" />
    <ClCompile Include="..\..\Common\idle.c" />
    <ClCompile Include="..\..\Common\json.c" />
    <ClCompile Include="..\..\Common\json_run.c" />
    <ClCompile Include="..\..\Common\kybd.c" />
    <ClCompile Include="..\..\Common\linemode.c" />
    <ClCompile Include="..\..\Common\llist.c" />
    <ClCompile Include="..\..\Common\Win32\main_window.c" />
    <ClCompile Include="..\..\Common\model.c" />
    <ClCompile Include="..\..\Common\Malloc.c" />
    <ClCompile Include="..\..\Common\nvt.c" />
    <ClCompile Include="..\..\Common\output.c" />
    <ClCompile Include="..\..\Common\print_screen.c" />
    <ClCompile Include="..\..\Common\query.c" />
    <ClCompile Include="..\..\Common\readres.c" />
    <ClCompile Include="..\..\Common\Nodisplay\resources.c" />
    <ClCompile Include="..\..\Common\rpq.c" />
    <ClCompile Include="..\..\Common\sched.c" />
    <ClCompile Include="..\..\Common\screentrace.c" />
    <ClCompile Include="..\..\Common\sf.c" />
    <ClCompile Include="..\..\Common\task.c" />
    <ClCompile Include="..\..\Common\timeouts.c" />
    <ClCompile Include="..\..\Common\telnet.c" />
    <ClCompile Include="..\..\Common\telnet_new_environ.c" />
    <ClCompile Include="..\..\Common\toggles.c" />
    <ClCompile Include="..\..\Common\trace.c" />
    <ClCompile Include="..\..\Common\util.c" />
    <ClCompile Include="..\..\Common\winprint.c" />
    <ClCompile Include="..\..\Common\xio.c" />
    <ClCompile Include="..\..\Common\XtGlue.c" />
    <ClCompile Include="..\..\Common\sio_glue.c" />
    <ClCompile Include="..\..\Common\run_action.c" />
    <ClCompile Include="..\..\Common\login_macro.c" />
    <ClCompile Include="..\..\Common\stringscript.c" />
    <ClCompile Include="..\..\Common\childscript.c" />
    <ClCompile Include="..\..\Common\source.c" />
    <ClCompile Include="..\..\Common\peerscript.c" />
    <ClCompile Include="..\..\Common\stdinscript.c" />
    <ClCompile Include="..\..\Common\save_restore.c" />
    <ClCompile Include="..\..\Common\vstatus.c" />
    <ClCompile Include="..\..\Common\s3common.c" />
    <ClCompile Include="..\..\Common\uri.c" />
    <ClCompile Include="..\..\Common\percent_decode.c" />
    <ClCompile Include="..\..\Common\cookiefile.c" />
    <ClCompile Include="favicon.c" />
  </ItemGroup>
</Project>
