
Microsoft Visual Studio Solution File, Format Version 12.00
# Visual Studio Version 17
VisualStudioVersion = 17.12.35527.113 d17.12
MinimumVisualStudioVersion = 10.0.40219.1
Project("{8BC9CEB8-8B4A-11D0-8D11-00A0C91BC942}") = "wc3270", "wc3270\wc3270.vcxproj", "{3F0E2661-72DE-4C76-B013-3FA3ED125DF3}"
	ProjectSection(ProjectDependencies) = postProject
		{B306FA2C-263B-423D-A42D-F1930DA727F3} = {B306FA2C-263B-423D-A42D-F1930DA727F3}
		{7B2EBB95-B987-4FC6-BB3F-B7612B54BD00} = {7B2EBB95-B987-4FC6-BB3F-B7612B54BD00}
		{9403B3C3-2EA9-44F8-99D4-45DE7692BB1A} = {9403B3C3-2EA9-44F8-99D4-45DE7692BB1A}
		{A6D4C4FA-6515-416C-9EB2-244A5C40488E} = {A6D4C4FA-6515-416C-9EB2-244A5C40488E}
	EndProjectSection
EndProject
Project("{8BC9CEB8-8B4A-11D0-8D11-00A0C91BC942}") = "wc3270wiz", "wc3270wiz\wc3270wiz.vcxproj", "{7CC1CB4D-16D7-446A-B132-963F5C1247E9}"
	ProjectSection(ProjectDependencies) = postProject
		{9403B3C3-2EA9-44F8-99D4-45DE7692BB1A} = {9403B3C3-2EA9-44F8-99D4-45DE7692BB1A}
	EndProjectSection
EndProject
Project("{8BC9CEB8-8B4A-11D0-8D11-00A0C91BC942}") = "s3270", "ws3270\ws3270.vcxproj", "{74911F0D-82AF-4FFC-8A43-C411597A64C1}"
	ProjectSection(ProjectDependencies) = postProject
		{7B2EBB95-B987-4FC6-BB3F-B7612B54BD00} = {7B2EBB95-B987-4FC6-BB3F-B7612B54BD00}
		{9403B3C3-2EA9-44F8-99D4-45DE7692BB1A} = {9403B3C3-2EA9-44F8-99D4-45DE7692BB1A}
		{A6D4C4FA-6515-416C-9EB2-244A5C40488E} = {A6D4C4FA-6515-416C-9EB2-244A5C40488E}
	EndProjectSection
EndProject
Project("{8BC9CEB8-8B4A-11D0-8D11-00A0C91BC942}") = "pr3287", "wpr3287\wpr3287.vcxproj", "{0094B3D7-0924-4296-BED4-300B53F63562}"
	ProjectSection(ProjectDependencies) = postProject
		{9403B3C3-2EA9-44F8-99D4-45DE7692BB1A} = {9403B3C3-2EA9-44F8-99D4-45DE7692BB1A}
	EndProjectSection
EndProject
Project("{8BC9CEB8-8B4A-11D0-8D11-00A0C91BC942}") = "x3270if", "x3270if\x3270if.vcxproj", "{25CA97FA-186C-4235-8280-BF1F56FD3CFF}"
	ProjectSection(ProjectDependencies) = postProject
		{9403B3C3-2EA9-44F8-99D4-45DE7692BB1A} = {9403B3C3-2EA9-44F8-99D4-45DE7692BB1A}
	EndProjectSection
EndProject
Project("{8BC9CEB8-8B4A-11D0-8D11-00A0C91BC942}") = "mkshort", "mkshort\mkshort.vcxproj", "{F42388CA-CE98-4F9F-96B7-D0DC1F9DA67E}"
	ProjectSection(ProjectDependencies) = postProject
		{9403B3C3-2EA9-44F8-99D4-45DE7692BB1A} = {9403B3C3-2EA9-44F8-99D4-45DE7692BB1A}
	EndProjectSection
EndProject
Project("{8BC9CEB8-8B4A-11D0-8D11-00A0C91BC942}") = "catf", "catf\catf.vcxproj", "{2BA5D6CF-59E7-4747-A8BF-A5A1DA3C2567}"
EndProject
Project("{8BC9CEB8-8B4A-11D0-8D11-00A0C91BC942}") = "libw3270", "libw3270\libw3270.vcxproj", "{7B2EBB95-B987-4FC6-BB3F-B7612B54BD00}"
EndProject
Project("{8BC9CEB8-8B4A-11D0-8D11-00A0C91BC942}") = "libw3270stubs", "libw3270stubs\libw3270stubs.vcxproj", "{A6D4C4FA-6515-416C-9EB2-244A5C40488E}"
EndProject
Project("{8BC9CEB8-8B4A-11D0-8D11-00A0C91BC942}") = "libw3270i", "libw3270i\libw3270i.vcxproj", "{B306FA2C-263B-423D-A42D-F1930DA727F3}"
EndProject
Project("{8BC9CEB8-8B4A-11D0-8D11-00A0C91BC942}") = "libw32xx", "libw32xx\libw32xx.vcxproj", "{9403B3C3-2EA9-44F8-99D4-45DE7692BB1A}"
EndProject
Project("{8BC9CEB8-8B4A-11D0-8D11-00A0C91BC942}") = "b3270", "wb3270\wb3270.vcxproj", "{018143FA-C64F-4BD3-9F16-A419B13835F0}"
	ProjectSection(ProjectDependencies) = postProject
		{B306FA2C-263B-423D-A42D-F1930DA727F3} = {B306FA2C-263B-423D-A42D-F1930DA727F3}
		{7B2EBB95-B987-4FC6-BB3F-B7612B54BD00} = {7B2EBB95-B987-4FC6-BB3F-B7612B54BD00}
		{58A619A3-C1FC-4293-82A2-CC4156B83013} = {58A619A3-C1FC-4293-82A2-CC4156B83013}
		{9403B3C3-2EA9-44F8-99D4-45DE7692BB1A} = {9403B3C3-2EA9-44F8-99D4-45DE7692BB1A}
		{A6D4C4FA-6515-416C-9EB2-244A5C40488E} = {A6D4C4FA-6515-416C-9EB2-244A5C40488E}
	EndProjectSection
EndProject
Project("{8BC9CEB8-8B4A-11D0-8D11-00A0C91BC942}") = "libexpat", "libexpat\libexpat.vcxproj", "{58A619A3-C1FC-4293-82A2-CC4156B83013}"
EndProject
Project("{8BC9CEB8-8B4A-11D0-8D11-00A0C91BC942}") = "playback", "playback\playback.vcxproj", "{74911F0D-82AF-4FFC-8A43-C411597A64C2}"
	ProjectSection(ProjectDependencies) = postProject
		{7B2EBB95-B987-4FC6-BB3F-B7612B54BD00} = {7B2EBB95-B987-4FC6-BB3F-B7612B54BD00}
		{9403B3C3-2EA9-44F8-99D4-45DE7692BB1A} = {9403B3C3-2EA9-44F8-99D4-45DE7692BB1A}
	EndProjectSection
EndProject
Project("{2150E333-8FDC-42A3-9474-1A3956D46DE8}") = "Tests", "Tests", "{FABD16F6-0F62-48A0-A368-C95EAA2726E0}"
EndProject
Project("{8BC9CEB8-8B4A-11D0-8D11-00A0C91BC942}") = "json_test", "Tests\json_test\json_test.vcxproj", "{FCCF7FBF-4669-4B52-B672-461FEB064A06}"
EndProject
Project("{8BC9CEB8-8B4A-11D0-8D11-00A0C91BC942}") = "bind_opts_test", "Tests\bind_opts_test\bind_opts_test.vcxproj", "{A768998F-2A97-4E2D-BEBF-3B62BFE63ED7}"
EndProject
Project("{8BC9CEB8-8B4A-11D0-8D11-00A0C91BC942}") = "utf8_test", "Tests\utf8_test\utf8_test.vcxproj", "{5EE90BA2-4C05-4E25-9023-803E6B9B718C}"
EndProject
Project("{8BC9CEB8-8B4A-11D0-8D11-00A0C91BC942}") = "base64_test", "Tests\base64_test\base64_test.vcxproj", "{848AB442-2D28-485B-A3C2-9F228A17C7D2}"
EndProject
Global
	GlobalSection(SolutionConfigurationPlatforms) = preSolution
		Debug|Win32 = Debug|Win32
		Debug|x64 = Debug|x64
		Release|Win32 = Release|Win32
		Release|x64 = Release|x64
	EndGlobalSection
	GlobalSection(ProjectConfigurationPlatforms) = postSolution
		{3F0E2661-72DE-4C76-B013-3FA3ED125DF3}.Debug|Win32.ActiveCfg = Debug|Win32
		{3F0E2661-72DE-4C76-B013-3FA3ED125DF3}.Debug|Win32.Build.0 = Debug|Win32
		{3F0E2661-72DE-4C76-B013-3FA3ED125DF3}.Debug|x64.ActiveCfg = Debug|x64
		{3F0E2661-72DE-4C76-B013-3FA3ED125DF3}.Debug|x64.Build.0 = Debug|x64
		{3F0E2661-72DE-4C76-B013-3FA3ED125DF3}.Release|Win32.ActiveCfg = Release|Win32
		{3F0E2661-72DE-4C76-B013-3FA3ED125DF3}.Release|Win32.Build.0 = Release|Win32
		{3F0E2661-72DE-4C76-B013-3FA3ED125DF3}.Release|x64.ActiveCfg = Release|x64
		{3F0E2661-72DE-4C76-B013-3FA3ED125DF3}.Release|x64.Build.0 = Release|x64
		{7CC1CB4D-16D7-446A-B132-963F5C1247E9}.Debug|Win32.ActiveCfg = Debug|Win32
		{7CC1CB4D-16D7-446A-B132-963F5C1247E9}.Debug|Win32.Build.0 = Debug|Win32
		{7CC1CB4D-16D7-446A-B132-963F5C1247E9}.Debug|x64.ActiveCfg = Debug|x64
		{7CC1CB4D-16D7-446A-B132-963F5C1247E9}.Debug|x64.Build.0 = Debug|x64
		{7CC1CB4D-16D7-446A-B132-963F5C1247E9}.Release|Win32.ActiveCfg = Release|Win32
		{7CC1CB4D-16D7-446A-B132-963F5C1247E9}.Release|Win32.Build.0 = Release|Win32
		{7CC1CB4D-16D7-446A-B132-963F5C1247E9}.Release|x64.ActiveCfg = Release|x64
		{7CC1CB4D-16D7-446A-B132-963F5C1247E9}.Release|x64.Build.0 = Release|x64
		{74911F0D-82AF-4FFC-8A43-C411597A64C1}.Debug|Win32.ActiveCfg = Debug|Win32
		{74911F0D-82AF-4FFC-8A43-C411597A64C1}.Debug|Win32.Build.0 = Debug|Win32
		{74911F0D-82AF-4FFC-8A43-C411597A64C1}.Debug|x64.ActiveCfg = Debug|x64
		{74911F0D-82AF-4FFC-8A43-C411597A64C1}.Debug|x64.Build.0 = Debug|x64
		{74911F0D-82AF-4FFC-8A43-C411597A64C1}.Release|Win32.ActiveCfg = Release|Win32
		{74911F0D-82AF-4FFC-8A43-C411597A64C1}.Release|Win32.Build.0 = Release|Win32
		{74911F0D-82AF-4FFC-8A43-C411597A64C1}.Release|x64.ActiveCfg = Release|x64
		{74911F0D-82AF-4FFC-8A43-C411597A64C1}.Release|x64.Build.0 = Release|x64
		{0094B3D7-0924-4296-BED4-300B53F63562}.Debug|Win32.ActiveCfg = Debug|Win32
		{0094B3D7-0924-4296-BED4-300B53F63562}.Debug|Win32.Build.0 = Debug|Win32
		{0094B3D7-0924-4296-BED4-300B53F63562}.Debug|x64.ActiveCfg = Debug|x64
		{0094B3D7-0924-4296-BED4-300B53F63562}.Debug|x64.Build.0 = Debug|x64
		{0094B3D7-0924-4296-BED4-300B53F63562}.Release|Win32.ActiveCfg = Release|Win32
		{0094B3D7-0924-4296-BED4-300B53F63562}.Release|Win32.Build.0 = Release|Win32
		{0094B3D7-0924-4296-BED4-300B53F63562}.Release|x64.ActiveCfg = Release|x64
		{0094B3D7-0924-4296-BED4-300B53F63562}.Release|x64.Build.0 = Release|x64
		{25CA97FA-186C-4235-8280-BF1F56FD3CFF}.Debug|Win32.ActiveCfg = Debug|Win32
		{25CA97FA-186C-4235-8280-BF1F56FD3CFF}.Debug|Win32.Build.0 = Debug|Win32
		{25CA97FA-186C-4235-8280-BF1F56FD3CFF}.Debug|x64.ActiveCfg = Debug|x64
		{25CA97FA-186C-4235-8280-BF1F56FD3CFF}.Debug|x64.Build.0 = Debug|x64
		{25CA97FA-186C-4235-8280-BF1F56FD3CFF}.Release|Win32.ActiveCfg = Release|Win32
		{25CA97FA-186C-4235-8280-BF1F56FD3CFF}.Release|Win32.Build.0 = Release|Win32
		{25CA97FA-186C-4235-8280-BF1F56FD3CFF}.Release|x64.ActiveCfg = Release|x64
		{25CA97FA-186C-4235-8280-BF1F56FD3CFF}.Release|x64.Build.0 = Release|x64
		{F42388CA-CE98-4F9F-96B7-D0DC1F9DA67E}.Debug|Win32.ActiveCfg = Debug|Win32
		{F42388CA-CE98-4F9F-96B7-D0DC1F9DA67E}.Debug|Win32.Build.0 = Debug|Win32
		{F42388CA-CE98-4F9F-96B7-D0DC1F9DA67E}.Debug|x64.ActiveCfg = Debug|x64
		{F42388CA-CE98-4F9F-96B7-D0DC1F9DA67E}.Debug|x64.Build.0 = Debug|x64
		{F42388CA-CE98-4F9F-96B7-D0DC1F9DA67E}.Release|Win32.ActiveCfg = Release|Win32
		{F42388CA-CE98-4F9F-96B7-D0DC1F9DA67E}.Release|Win32.Build.0 = Release|Win32
		{F42388CA-CE98-4F9F-96B7-D0DC1F9DA67E}.Release|x64.ActiveCfg = Release|x64
		{F42388CA-CE98-4F9F-96B7-D0DC1F9DA67E}.Release|x64.Build.0 = Release|x64
		{2BA5D6CF-59E7-4747-A8BF-A5A1DA3C2567}.Debug|Win32.ActiveCfg = Debug|Win32
		{2BA5D6CF-59E7-4747-A8BF-A5A1DA3C2567}.Debug|Win32.Build.0 = Debug|Win32
		{2BA5D6CF-59E7-4747-A8BF-A5A1DA3C2567}.Debug|x64.ActiveCfg = Debug|x64
		{2BA5D6CF-59E7-4747-A8BF-A5A1DA3C2567}.Debug|x64.Build.0 = Debug|x64
		{2BA5D6CF-59E7-4747-A8BF-A5A1DA3C2567}.Release|Win32.ActiveCfg = Release|Win32
		{2BA5D6CF-59E7-4747-A8BF-A5A1DA3C2567}.Release|Win32.Build.0 = Release|Win32
		{2BA5D6CF-59E7-4747-A8BF-A5A1DA3C2567}.Release|x64.ActiveCfg = Release|x64
		{2BA5D6CF-59E7-4747-A8BF-A5A1DA3C2567}.Release|x64.Build.0 = Release|x64
		{7B2EBB95-B987-4FC6-BB3F-B7612B54BD00}.Debug|Win32.ActiveCfg = Debug|Win32
		{7B2EBB95-B987-4FC6-BB3F-B7612B54BD00}.Debug|Win32.Build.0 = Debug|Win32
		{7B2EBB95-B987-4FC6-BB3F-B7612B54BD00}.Debug|x64.ActiveCfg = Debug|x64
		{7B2EBB95-B987-4FC6-BB3F-B7612B54BD00}.Debug|x64.Build.0 = Debug|x64
		{7B2EBB95-B987-4FC6-BB3F-B7612B54BD00}.Release|Win32.ActiveCfg = Release|Win32
		{7B2EBB95-B987-4FC6-BB3F-B7612B54BD00}.Release|Win32.Build.0 = Release|Win32
		{7B2EBB95-B987-4FC6-BB3F-B7612B54BD00}.Release|x64.ActiveCfg = Release|x64
		{7B2EBB95-B987-4FC6-BB3F-B7612B54BD00}.Release|x64.Build.0 = Release|x64
		{A6D4C4FA-6515-416C-9EB2-244A5C40488E}.Debug|Win32.ActiveCfg = Debug|Win32
		{A6D4C4FA-6515-416C-9EB2-244A5C40488E}.Debug|Win32.Build.0 = Debug|Win32
		{A6D4C4FA-6515-416C-9EB2-244A5C40488E}.Debug|x64.ActiveCfg = Debug|x64
		{A6D4C4FA-6515-416C-9EB2-244A5C40488E}.Debug|x64.Build.0 = Debug|x64
		{A6D4C4FA-6515-416C-9EB2-244A5C40488E}.Release|Win32.ActiveCfg = Release|Win32
		{A6D4C4FA-6515-416C-9EB2-244A5C40488E}.Release|Win32.Build.0 = Release|Win32
		{A6D4C4FA-6515-416C-9EB2-244A5C40488E}.Release|x64.ActiveCfg = Release|x64
		{A6D4C4FA-6515-416C-9EB2-244A5C40488E}.Release|x64.Build.0 = Release|x64
		{B306FA2C-263B-423D-A42D-F1930DA727F3}.Debug|Win32.ActiveCfg = Debug|Win32
		{B306FA2C-263B-423D-A42D-F1930DA727F3}.Debug|Win32.Build.0 = Debug|Win32
		{B306FA2C-263B-423D-A42D-F1930DA727F3}.Debug|x64.ActiveCfg = Debug|x64
		{B306FA2C-263B-423D-A42D-F1930DA727F3}.Debug|x64.Build.0 = Debug|x64
		{B306FA2C-263B-423D-A42D-F1930DA727F3}.Release|Win32.ActiveCfg = Release|Win32
		{B306FA2C-263B-423D-A42D-F1930DA727F3}.Release|Win32.Build.0 = Release|Win32
		{B306FA2C-263B-423D-A42D-F1930DA727F3}.Release|x64.ActiveCfg = Release|x64
		{B306FA2C-263B-423D-A42D-F1930DA727F3}.Release|x64.Build.0 = Release|x64
		{9403B3C3-2EA9-44F8-99D4-45DE7692BB1A}.Debug|Win32.ActiveCfg = Debug|Win32
		{9403B3C3-2EA9-44F8-99D4-45DE7692BB1A}.Debug|Win32.Build.0 = Debug|Win32
		{9403B3C3-2EA9-44F8-99D4-45DE7692BB1A}.Debug|x64.ActiveCfg = Debug|x64
		{9403B3C3-2EA9-44F8-99D4-45DE7692BB1A}.Debug|x64.Build.0 = Debug|x64
		{9403B3C3-2EA9-44F8-99D4-45DE7692BB1A}.Release|Win32.ActiveCfg = Release|Win32
		{9403B3C3-2EA9-44F8-99D4-45DE7692BB1A}.Release|Win32.Build.0 = Release|Win32
		{9403B3C3-2EA9-44F8-99D4-45DE7692BB1A}.Release|x64.ActiveCfg = Release|x64
		{9403B3C3-2EA9-44F8-99D4-45DE7692BB1A}.Release|x64.Build.0 = Release|x64
		{018143FA-C64F-4BD3-9F16-A419B13835F0}.Debug|Win32.ActiveCfg = Debug|Win32
		{018143FA-C64F-4BD3-9F16-A419B13835F0}.Debug|Win32.Build.0 = Debug|Win32
		{018143FA-C64F-4BD3-9F16-A419B13835F0}.Debug|x64.ActiveCfg = Debug|x64
		{018143FA-C64F-4BD3-9F16-A419B13835F0}.Debug|x64.Build.0 = Debug|x64
		{018143FA-C64F-4BD3-9F16-A419B13835F0}.Release|Win32.ActiveCfg = Release|Win32
		{018143FA-C64F-4BD3-9F16-A419B13835F0}.Release|Win32.Build.0 = Release|Win32
		{018143FA-C64F-4BD3-9F16-A419B13835F0}.Release|x64.ActiveCfg = Release|x64
		{018143FA-C64F-4BD3-9F16-A419B13835F0}.Release|x64.Build.0 = Release|x64
		{58A619A3-C1FC-4293-82A2-CC4156B83013}.Debug|Win32.ActiveCfg = Debug|Win32
		{58A619A3-C1FC-4293-82A2-CC4156B83013}.Debug|Win32.Build.0 = Debug|Win32
		{58A619A3-C1FC-4293-82A2-CC4156B83013}.Debug|x64.ActiveCfg = Debug|x64
		{58A619A3-C1FC-4293-82A2-CC4156B83013}.Debug|x64.Build.0 = Debug|x64
		{58A619A3-C1FC-4293-82A2-CC4156B83013}.Release|Win32.ActiveCfg = Release|Win32
		{58A619A3-C1FC-4293-82A2-CC4156B83013}.Release|Win32.Build.0 = Release|Win32
		{58A619A3-C1FC-4293-82A2-CC4156B83013}.Release|x64.ActiveCfg = Release|x64
		{58A619A3-C1FC-4293-82A2-CC4156B83013}.Release|x64.Build.0 = Release|x64
		{74911F0D-82AF-4FFC-8A43-C411597A64C2}.Debug|Win32.ActiveCfg = Debug|Win32
		{74911F0D-82AF-4FFC-8A43-C411597A64C2}.Debug|Win32.Build.0 = Debug|Win32
		{74911F0D-82AF-4FFC-8A43-C411597A64C2}.Debug|x64.ActiveCfg = Debug|x64
		{74911F0D-82AF-4FFC-8A43-C411597A64C2}.Debug|x64.Build.0 = Debug|x64
		{74911F0D-82AF-4FFC-8A43-C411597A64C2}.Release|Win32.ActiveCfg = Release|Win32
		{74911F0D-82AF-4FFC-8A43-C411597A64C2}.Release|Win32.Build.0 = Release|Win32
		{74911F0D-82AF-4FFC-8A43-C411597A64C2}.Release|x64.ActiveCfg = Release|x64
		{74911F0D-82AF-4FFC-8A43-C411597A64C2}.Release|x64.Build.0 = Release|x64
		{FCCF7FBF-4669-4B52-B672-461FEB064A06}.Debug|Win32.ActiveCfg = Debug|Win32
		{FCCF7FBF-4669-4B52-B672-461FEB064A06}.Debug|Win32.Build.0 = Debug|Win32
		{FCCF7FBF-4669-4B52-B672-461FEB064A06}.Debug|x64.ActiveCfg = Debug|x64
		{FCCF7FBF-4669-4B52-B672-461FEB064A06}.Debug|x64.Build.0 = Debug|x64
		{FCCF7FBF-4669-4B52-B672-461FEB064A06}.Release|Win32.ActiveCfg = Release|Win32
		{FCCF7FBF-4669-4B52-B672-461FEB064A06}.Release|Win32.Build.0 = Release|Win32
		{FCCF7FBF-4669-4B52-B672-461FEB064A06}.Release|x64.ActiveCfg = Release|x64
		{FCCF7FBF-4669-4B52-B672-461FEB064A06}.Release|x64.Build.0 = Release|x64
		{A768998F-2A97-4E2D-BEBF-3B62BFE63ED7}.Debug|Win32.ActiveCfg = Debug|Win32
		{A768998F-2A97-4E2D-BEBF-3B62BFE63ED7}.Debug|Win32.Build.0 = Debug|Win32
		{A768998F-2A97-4E2D-BEBF-3B62BFE63ED7}.Debug|x64.ActiveCfg = Debug|x64
		{A768998F-2A97-4E2D-BEBF-3B62BFE63ED7}.Debug|x64.Build.0 = Debug|x64
		{A768998F-2A97-4E2D-BEBF-3B62BFE63ED7}.Release|Win32.ActiveCfg = Release|Win32
		{A768998F-2A97-4E2D-BEBF-3B62BFE63ED7}.Release|Win32.Build.0 = Release|Win32
		{A768998F-2A97-4E2D-BEBF-3B62BFE63ED7}.Release|x64.ActiveCfg = Release|x64
		{A768998F-2A97-4E2D-BEBF-3B62BFE63ED7}.Release|x64.Build.0 = Release|x64
		{5EE90BA2-4C05-4E25-9023-803E6B9B718C}.Debug|Win32.ActiveCfg = Debug|Win32
		{5EE90BA2-4C05-4E25-9023-803E6B9B718C}.Debug|Win32.Build.0 = Debug|Win32
		{5EE90BA2-4C05-4E25-9023-803E6B9B718C}.Debug|x64.ActiveCfg = Debug|x64
		{5EE90BA2-4C05-4E25-9023-803E6B9B718C}.Debug|x64.Build.0 = Debug|x64
		{5EE90BA2-4C05-4E25-9023-803E6B9B718C}.Release|Win32.ActiveCfg = Release|Win32
		{5EE90BA2-4C05-4E25-9023-803E6B9B718C}.Release|Win32.Build.0 = Release|Win32
		{5EE90BA2-4C05-4E25-9023-803E6B9B718C}.Release|x64.ActiveCfg = Release|x64
		{5EE90BA2-4C05-4E25-9023-803E6B9B718C}.Release|x64.Build.0 = Release|x64
		{848AB442-2D28-485B-A3C2-9F228A17C7D2}.Debug|Win32.ActiveCfg = Debug|Win32
		{848AB442-2D28-485B-A3C2-9F228A17C7D2}.Debug|Win32.Build.0 = Debug|Win32
		{848AB442-2D28-485B-A3C2-9F228A17C7D2}.Debug|x64.ActiveCfg = Debug|x64
		{848AB442-2D28-485B-A3C2-9F228A17C7D2}.Debug|x64.Build.0 = Debug|x64
		{848AB442-2D28-485B-A3C2-9F228A17C7D2}.Release|Win32.ActiveCfg = Release|Win32
		{848AB442-2D28-485B-A3C2-9F228A17C7D2}.Release|Win32.Build.0 = Release|Win32
		{848AB442-2D28-485B-A3C2-9F228A17C7D2}.Release|x64.ActiveCfg = Release|x64
		{848AB442-2D28-485B-A3C2-9F228A17C7D2}.Release|x64.Build.0 = Release|x64
	EndGlobalSection
	GlobalSection(SolutionProperties) = preSolution
		HideSolutionNode = FALSE
	EndGlobalSection
	GlobalSection(NestedProjects) = preSolution
		{FCCF7FBF-4669-4B52-B672-461FEB064A06} = {FABD16F6-0F62-48A0-A368-C95EAA2726E0}
		{A768998F-2A97-4E2D-BEBF-3B62BFE63ED7} = {FABD16F6-0F62-48A0-A368-C95EAA2726E0}
		{5EE90BA2-4C05-4E25-9023-803E6B9B718C} = {FABD16F6-0F62-48A0-A368-C95EAA2726E0}
		{848AB442-2D28-485B-A3C2-9F228A17C7D2} = {FABD16F6-0F62-48A0-A368-C95EAA2726E0}
	EndGlobalSection
	GlobalSection(ExtensibilityGlobals) = postSolution
		SolutionGuid = {C502EE5E-AEE0-429A-8035-853FC8D48706}
	EndGlobalSection
EndGlobal
