<?xml version="1.0" encoding="utf-8"?>
<Project ToolsVersion="4.0" xmlns="http://schemas.microsoft.com/developer/msbuild/2003">
  <ItemGroup>
    <Filter Include="Source Files">
      <UniqueIdentifier>{4FC737F1-C7A5-4376-A066-2A32D752A2FF}</UniqueIdentifier>
      <Extensions>cpp;c;cc;cxx;def;odl;idl;hpj;bat;asm;asmx</Extensions>
    </Filter>
    <Filter Include="Header Files">
      <UniqueIdentifier>{93995380-89BD-4b04-88EB-625FBE52EBFB}</UniqueIdentifier>
      <Extensions>h;hpp;hxx;hm;inl;inc;xsd</Extensions>
    </Filter>
    <Filter Include="Resource Files">
      <UniqueIdentifier>{67DA6AB6-F800-4c08-8B7A-83BB121AAD01}</UniqueIdentifier>
      <Extensions>rc;ico;cur;bmp;dlg;rc2;rct;bin;rgs;gif;jpg;jpeg;jpe;resx;tiff;tif;png;wav;mfcribbon-ms</Extensions>
    </Filter>
  </ItemGroup>
  <ItemGroup>
    <ClCompile Include="..\..\ws3270\actions.c">
      <Filter>Source Files</Filter>
    </ClCompile>
    <ClCompile Include="..\..\ws3270\apl.c">
      <Filter>Source Files</Filter>
    </ClCompile>
    <ClCompile Include="..\..\ws3270\charset.c">
      <Filter>Source Files</Filter>
    </ClCompile>
    <ClCompile Include="..\..\ws3270\ctlr.c">
      <Filter>Source Files</Filter>
    </ClCompile>
    <ClCompile Include="..\..\ws3270\fprint_screen.c">
      <Filter>Source Files</Filter>
    </ClCompile>
    <ClCompile Include="..\..\ws3270\ft.c">
      <Filter>Source Files</Filter>
    </ClCompile>
    <ClCompile Include="..\..\ws3270\ft_cut.c">
      <Filter>Source Files</Filter>
    </ClCompile>
    <ClCompile Include="..\..\ws3270\ft_dft.c">
      <Filter>Source Files</Filter>
    </ClCompile>
    <ClCompile Include="..\..\ws3270\gdi_print.c">
      <Filter>Source Files</Filter>
    </ClCompile>
    <ClCompile Include="..\..\ws3270\glue.c">
      <Filter>Source Files</Filter>
    </ClCompile>
    <ClCompile Include="..\..\ws3270\host.c">
      <Filter>Source Files</Filter>
    </ClCompile>
    <ClCompile Include="..\..\ws3270\idle.c">
      <Filter>Source Files</Filter>
    </ClCompile>
    <ClCompile Include="..\..\ws3270\kybd.c">
      <Filter>Source Files</Filter>
    </ClCompile>
    <ClCompile Include="..\..\ws3270\lazya.c">
      <Filter>Source Files</Filter>
    </ClCompile>
    <ClCompile Include="..\..\ws3270\linemode.c">
      <Filter>Source Files</Filter>
    </ClCompile>
    <ClCompile Include="..\..\ws3270\macros.c">
      <Filter>Source Files</Filter>
    </ClCompile>
    <ClCompile Include="..\..\ws3270\nvt.c">
      <Filter>Source Files</Filter>
    </ClCompile>
    <ClCompile Include="..\..\ws3270\pr3287_sessio.c">
      <Filter>Source Files</Filter>
    </ClCompile>
    <ClCompile Include="..\..\ws3270\print_screen.c">
      <Filter>Source Files</Filter>
    </ClCompile>
    <ClCompile Include="..\..\ws3270\proxy.c">
      <Filter>Source Files</Filter>
    </ClCompile>
    <ClCompile Include="..\..\ws3270\readres.c">
      <Filter>Source Files</Filter>
    </ClCompile>
    <ClCompile Include="..\..\ws3270\resolver.c">
      <Filter>Source Files</Filter>
    </ClCompile>
    <ClCompile Include="..\..\ws3270\resources.c">
      <Filter>Source Files</Filter>
    </ClCompile>
    <ClCompile Include="..\..\ws3270\rpq.c">
      <Filter>Source Files</Filter>
    </ClCompile>
    <ClCompile Include="..\..\ws3270\see.c">
      <Filter>Source Files</Filter>
    </ClCompile>
    <ClCompile Include="..\..\ws3270\sf.c">
      <Filter>Source Files</Filter>
    </ClCompile>
    <ClCompile Include="..\..\ws3270\s3270.c">
      <Filter>Source Files</Filter>
    </ClCompile>
    <ClCompile Include="..\..\ws3270\snprintf.c">
      <Filter>Source Files</Filter>
    </ClCompile>
    <ClCompile Include="..\..\ws3270\ssl_dll.c">
      <Filter>Source Files</Filter>
    </ClCompile>
    <ClCompile Include="..\..\ws3270\strtok_r.c">
      <Filter>Source Files</Filter>
    </ClCompile>
    <ClCompile Include="..\..\ws3270\tables.c">
      <Filter>Source Files</Filter>
    </ClCompile>
    <ClCompile Include="..\..\ws3270\telnet.c">
      <Filter>Source Files</Filter>
    </ClCompile>
    <ClCompile Include="..\..\ws3270\toggles.c">
      <Filter>Source Files</Filter>
    </ClCompile>
    <ClCompile Include="..\..\ws3270\trace.c">
      <Filter>Source Files</Filter>
    </ClCompile>
    <ClCompile Include="..\..\ws3270\unicode.c">
      <Filter>Source Files</Filter>
    </ClCompile>
    <ClCompile Include="..\..\ws3270\unicode_dbcs.c">
      <Filter>Source Files</Filter>
    </ClCompile>
    <ClCompile Include="..\..\ws3270\utf8.c">
      <Filter>Source Files</Filter>
    </ClCompile>
    <ClCompile Include="..\..\ws3270\util.c">
      <Filter>Source Files</Filter>
    </ClCompile>
    <ClCompile Include="..\..\ws3270\w3misc.c">
      <Filter>Source Files</Filter>
    </ClCompile>
    <ClCompile Include="..\..\ws3270\windirs.c">
      <Filter>Source Files</Filter>
    </ClCompile>
    <ClCompile Include="..\..\ws3270\winprint.c">
      <Filter>Source Files</Filter>
    </ClCompile>
    <ClCompile Include="..\..\ws3270\winvers.c">
      <Filter>Source Files</Filter>
    </ClCompile>
    <ClCompile Include="..\..\ws3270\xio.c">
      <Filter>Source Files</Filter>
    </ClCompile>
    <ClCompile Include="..\..\ws3270\XtGlue.c">
      <Filter>Source Files</Filter>
    </ClCompile>
    <ClCompile Include="..\..\ws3270\fallbacks.c">
      <Filter>Source Files</Filter>
    </ClCompile>
    <ClCompile Include="..\..\ws3270\version.c">
      <Filter>Source Files</Filter>
    </ClCompile>
    <ClCompile Include="..\..\ws3270\httpd-core.c">
      <Filter>Source Files</Filter>
    </ClCompile>
    <ClCompile Include="..\..\ws3270\httpd-io.c">
      <Filter>Source Files</Filter>
    </ClCompile>
    <ClCompile Include="..\..\ws3270\httpd-nodes.c">
      <Filter>Source Files</Filter>
    </ClCompile>
    <ClCompile Include="..\..\ws3270\asprintf.c">
      <Filter>Source Files</Filter>
    </ClCompile>
    <ClCompile Include="..\..\ws3270\bind-opt.c">
      <Filter>Source Files</Filter>
    </ClCompile>
    <ClCompile Include="..\..\ws3270\varbuf.c">
      <Filter>Source Files</Filter>
    </ClCompile>
    <ClCompile Include="..\..\ws3270\favicon.c">
      <Filter>Source Files</Filter>
    </ClCompile>
  </ItemGroup>
</Project>
