<?xml version="1.0" encoding="utf-8"?>
<Project ToolsVersion="4.0" xmlns="http://schemas.microsoft.com/developer/msbuild/2003">
  <ItemGroup>
    <ClCompile Include="..\..\Common\apl.c" />
    <ClCompile Include="..\..\Common\asprintf.c" />
    <ClCompile Include="..\..\Common\base64.c" />
    <ClCompile Include="..\..\Common\boolstr.c" />
    <ClCompile Include="..\..\Common\cats.c" />
    <ClCompile Include="..\..\Common\copyright.c" />
    <ClCompile Include="..\..\Common\ctype32.c" />
    <ClCompile Include="..\..\Common\indent_s.c" />
    <ClCompile Include="..\..\Common\min_version.c" />
    <ClCompile Include="..\..\Common\mock_resolver.c" />
    <ClCompile Include="..\..\Common\nhp.c" />
    <ClCompile Include="..\..\Common\popup_an_error.c" />
    <ClCompile Include="..\..\Common\popup_separator.c" />
    <ClCompile Include="..\..\Common\popups_glue.c" />
    <ClCompile Include="..\..\Common\pr3287_session.c" />
    <ClCompile Include="..\..\Common\prefer.c" />
    <ClCompile Include="..\..\Common\proxy.c" />
    <ClCompile Include="..\..\Common\proxy_http.c" />
    <ClCompile Include="..\..\Common\proxy_passthru.c" />
    <ClCompile Include="..\..\Common\proxy_socks4.c" />
    <ClCompile Include="..\..\Common\proxy_socks5.c" />
    <ClCompile Include="..\..\Common\proxy_telnet.c" />
    <ClCompile Include="..\..\Common\proxy_toggle.c" />
    <ClCompile Include="..\..\Common\resolver.c" />
    <ClCompile Include="..\..\Common\resolver_abs.c" />
    <ClCompile Include="..\..\Common\see.c" />
    <ClCompile Include="..\..\Common\sioc.c" />
    <ClCompile Include="..\..\Common\split_host.c" />
    <ClCompile Include="..\..\Common\Win32\sio_schannel.c" />
    <ClCompile Include="..\..\Common\Win32\snprintf.c" />
    <ClCompile Include="..\..\Common\tables.c" />
    <ClCompile Include="..\..\Common\toupper.c" />
    <ClCompile Include="..\..\Common\txa.c" />
    <ClCompile Include="..\..\Common\unicode.c" />
    <ClCompile Include="..\..\Common\unicode_dbcs.c" />
    <ClCompile Include="..\..\Common\utf8.c" />
    <ClCompile Include="..\..\Common\varbuf.c" />
    <ClCompile Include="..\..\Common\Win32\w3misc.c" />
    <ClCompile Include="..\..\Common\Win32\windirs.c" />
    <ClCompile Include="..\..\Common\Win32\winvers.c" />
    <ClCompile Include="..\..\Common\xscatv.c" />
    <ClCompile Include="..\..\Common\xs_buffer.c" />
    <ClCompile Include="..\..\Common\Win32\show_dirs.c" />
  </ItemGroup>
</Project>
